
Microsoft Visual Studio Solution File, Format Version 12.00
# Visual Studio Version 17
VisualStudioVersion = 17.4.33103.184
MinimumVisualStudioVersion = 10.0.40219.1
Project("{FAE04EC0-301F-11D3-BF4B-00C04F79EFBC}") = "Static", "Static.csproj", "{45886EFE-8080-4BC3-A7C8-851DBD235C61}"
EndProject
Global
	GlobalSection(SolutionConfigurationPlatforms) = preSolution
		Debug|Any CPU = Debug|Any CPU
		Release|Any CPU = Release|Any CPU
	EndGlobalSection
	GlobalSection(ProjectConfigurationPlatforms) = postSolution
		{45886EFE-8080-4BC3-A7C8-851DBD235C61}.Debug|Any CPU.ActiveCfg = Debug|Any CPU
		{45886EFE-8080-4BC3-A7C8-851DBD235C61}.Debug|Any CPU.Build.0 = Debug|Any CPU
		{45886EFE-8080-4BC3-A7C8-851DBD235C61}.Release|Any CPU.ActiveCfg = Release|Any CPU
		{45886EFE-8080-4BC3-A7C8-851DBD235C61}.Release|Any CPU.Build.0 = Release|Any CPU
	EndGlobalSection
	GlobalSection(SolutionProperties) = preSolution
		HideSolutionNode = FALSE
	EndGlobalSection
	GlobalSection(ExtensibilityGlobals) = postSolution
		SolutionGuid = {30733398-02B3-4993-AD2F-F686D2FFE031}
	EndGlobalSection
EndGlobal
